{
  "name": "AI Customer Support",
  "description": "Inteligentny chatbot dla firm z integracją bazy wiedzy, analizą pilności problemów, automatycznymi sugestiami oraz zaawansowanym panelem analitycznym.",
  "requestFramePermissions": [],
  "majorCapabilities": ["MAJOR_CAPABILITY_SERVER_SIDE_GEMINI_API"]
}
